{
  "name": "big-file-uploader-client",
  "version": "1.0.0",
  "lockfileVersion": 1,
  "requires": true,
  "dependencies": {
    "spark-md5": {
      "version": "3.0.1",
      "resolved": "https://registry.npm.taobao.org/spark-md5/download/spark-md5-3.0.1.tgz",
      "integrity": "sha1-g6DiVXNPKrTlxGblos/JuiqiEk0=",
      "dev": true
    }
  }
}
